// !$*UTF8*$!
{
	archiveVersion = 1;
	classes = {
	};
	objectVersion = 56;
	objects = {

/* Begin PBXBuildFile section */
		27063FF72FB1FCFA0045E59B /* GameDetailsView.swift in Sources */ = {isa = PBXBuildFile; fileRef = 27063FF62FB1FCF90045E59B /* GameDetailsView.swift */; };
		27EFA0992F8D214F005088E6 /* SupabaseGameService.swift in Sources */ = {isa = PBXBuildFile; fileRef = 27EFA0982F8D214F005088E6 /* SupabaseGameService.swift */; };
		27EFA09B2F8D2159005088E6 /* ReservoirService.swift in Sources */ = {isa = PBXBuildFile; fileRef = 27EFA09A2F8D2159005088E6 /* ReservoirService.swift */; };
		27EFA09C2F8D2169005088E6 /* AppConfig.swift in Sources */ = {isa = PBXBuildFile; fileRef = 27EFA09D2F8D2169005088E6 /* AppConfig.swift */; };
		27EFA09E2F8D2179005088E6 /* reservoir.json in Resources */ = {isa = PBXBuildFile; fileRef = 27EFA09F2F8D2179005088E6 /* reservoir.json */; };
		27EFA0A02F8D2189005088E6 /* PrivacyInfo.xcprivacy in Resources */ = {isa = PBXBuildFile; fileRef = 27EFA0A12F8D2189005088E6 /* PrivacyInfo.xcprivacy */; };
		AA000001 /* WordLinkApp.swift in Sources */ = {isa = PBXBuildFile; fileRef = AA100001 /* WordLinkApp.swift */; };
		AA000002 /* ContentView.swift in Sources */ = {isa = PBXBuildFile; fileRef = AA100002 /* ContentView.swift */; };
		AA000003 /* Models.swift in Sources */ = {isa = PBXBuildFile; fileRef = AA100003 /* Models.swift */; };
		AA000004 /* GeminiService.swift in Sources */ = {isa = PBXBuildFile; fileRef = AA100004 /* GeminiService.swift */; };
		AA000005 /* AudioService.swift in Sources */ = {isa = PBXBuildFile; fileRef = AA100005 /* AudioService.swift */; };
		AA000006 /* StorageService.swift in Sources */ = {isa = PBXBuildFile; fileRef = AA100006 /* StorageService.swift */; };
		AA000007 /* GameViewModel.swift in Sources */ = {isa = PBXBuildFile; fileRef = AA100007 /* GameViewModel.swift */; };
		AA000008 /* HomeView.swift in Sources */ = {isa = PBXBuildFile; fileRef = AA100008 /* HomeView.swift */; };
		AA000009 /* DifficultySelectView.swift in Sources */ = {isa = PBXBuildFile; fileRef = AA100009 /* DifficultySelectView.swift */; };
		AA000010 /* GameView.swift in Sources */ = {isa = PBXBuildFile; fileRef = AA100010 /* GameView.swift */; };
		AA000011 /* ResultsView.swift in Sources */ = {isa = PBXBuildFile; fileRef = AA100011 /* ResultsView.swift */; };
		AA000012 /* HistoryView.swift in Sources */ = {isa = PBXBuildFile; fileRef = AA100012 /* HistoryView.swift */; };
		AA000013 /* LoadingView.swift in Sources */ = {isa = PBXBuildFile; fileRef = AA100013 /* LoadingView.swift */; };
		AA000014 /* WordDisplayView.swift in Sources */ = {isa = PBXBuildFile; fileRef = AA100014 /* WordDisplayView.swift */; };
		AA000015 /* PhraseFlashcardView.swift in Sources */ = {isa = PBXBuildFile; fileRef = AA100015 /* PhraseFlashcardView.swift */; };
		AA000016 /* Assets.xcassets in Resources */ = {isa = PBXBuildFile; fileRef = AA100016 /* Assets.xcassets */; };
		AA000017 /* LaunchScreen.storyboard in Resources */ = {isa = PBXBuildFile; fileRef = AA100017 /* LaunchScreen.storyboard */; };
/* End PBXBuildFile section */

/* Begin PBXFileReference section */
		27063FF62FB1FCF90045E59B /* GameDetailsView.swift */ = {isa = PBXFileReference; lastKnownFileType = sourcecode.swift; path = GameDetailsView.swift; sourceTree = "<group>"; };
		27EFA0982F8D214F005088E6 /* SupabaseGameService.swift */ = {isa = PBXFileReference; lastKnownFileType = sourcecode.swift; path = SupabaseGameService.swift; sourceTree = "<group>"; };
		27EFA09A2F8D2159005088E6 /* ReservoirService.swift */ = {isa = PBXFileReference; lastKnownFileType = sourcecode.swift; path = ReservoirService.swift; sourceTree = "<group>"; };
		27EFA09D2F8D2169005088E6 /* AppConfig.swift */ = {isa = PBXFileReference; lastKnownFileType = sourcecode.swift; path = AppConfig.swift; sourceTree = "<group>"; };
		27EFA09F2F8D2179005088E6 /* reservoir.json */ = {isa = PBXFileReference; lastKnownFileType = text.json; path = reservoir.json; sourceTree = "<group>"; };
		27EFA0A12F8D2189005088E6 /* PrivacyInfo.xcprivacy */ = {isa = PBXFileReference; lastKnownFileType = text.xml; path = PrivacyInfo.xcprivacy; sourceTree = "<group>"; };
		AA100001 /* WordLinkApp.swift */ = {isa = PBXFileReference; lastKnownFileType = sourcecode.swift; path = WordLinkApp.swift; sourceTree = "<group>"; };
		AA100002 /* ContentView.swift */ = {isa = PBXFileReference; lastKnownFileType = sourcecode.swift; path = ContentView.swift; sourceTree = "<group>"; };
		AA100003 /* Models.swift */ = {isa = PBXFileReference; lastKnownFileType = sourcecode.swift; path = Models.swift; sourceTree = "<group>"; };
		AA100004 /* GeminiService.swift */ = {isa = PBXFileReference; lastKnownFileType = sourcecode.swift; path = GeminiService.swift; sourceTree = "<group>"; };
		AA100005 /* AudioService.swift */ = {isa = PBXFileReference; lastKnownFileType = sourcecode.swift; path = AudioService.swift; sourceTree = "<group>"; };
		AA100006 /* StorageService.swift */ = {isa = PBXFileReference; lastKnownFileType = sourcecode.swift; path = StorageService.swift; sourceTree = "<group>"; };
		AA100007 /* GameViewModel.swift */ = {isa = PBXFileReference; lastKnownFileType = sourcecode.swift; path = GameViewModel.swift; sourceTree = "<group>"; };
		AA100008 /* HomeView.swift */ = {isa = PBXFileReference; lastKnownFileType = sourcecode.swift; path = HomeView.swift; sourceTree = "<group>"; };
		AA100009 /* DifficultySelectView.swift */ = {isa = PBXFileReference; lastKnownFileType = sourcecode.swift; path = DifficultySelectView.swift; sourceTree = "<group>"; };
		AA100010 /* GameView.swift */ = {isa = PBXFileReference; lastKnownFileType = sourcecode.swift; path = GameView.swift; sourceTree = "<group>"; };
		AA100011 /* ResultsView.swift */ = {isa = PBXFileReference; lastKnownFileType = sourcecode.swift; path = ResultsView.swift; sourceTree = "<group>"; };
		AA100012 /* HistoryView.swift */ = {isa = PBXFileReference; lastKnownFileType = sourcecode.swift; path = HistoryView.swift; sourceTree = "<group>"; };
		AA100013 /* LoadingView.swift */ = {isa = PBXFileReference; lastKnownFileType = sourcecode.swift; path = LoadingView.swift; sourceTree = "<group>"; };
		AA100014 /* WordDisplayView.swift */ = {isa = PBXFileReference; lastKnownFileType = sourcecode.swift; path = WordDisplayView.swift; sourceTree = "<group>"; };
		AA100015 /* PhraseFlashcardView.swift */ = {isa = PBXFileReference; lastKnownFileType = sourcecode.swift; path = PhraseFlashcardView.swift; sourceTree = "<group>"; };
		AA100016 /* Assets.xcassets */ = {isa = PBXFileReference; lastKnownFileType = folder.assetcatalog; path = Assets.xcassets; sourceTree = "<group>"; };
		AA100017 /* LaunchScreen.storyboard */ = {isa = PBXFileReference; lastKnownFileType = file.storyboard; path = LaunchScreen.storyboard; sourceTree = "<group>"; };
		AA200001 /* WordLink.app */ = {isa = PBXFileReference; explicitFileType = wrapper.application; includeInIndex = 0; path = WordLink.app; sourceTree = BUILT_PRODUCTS_DIR; };
/* End PBXFileReference section */

/* Begin PBXFrameworksBuildPhase section */
		AA300001 /* Frameworks */ = {
			isa = PBXFrameworksBuildPhase;
			buildActionMask = 2147483647;
			files = (
			);
			runOnlyForDeploymentPostprocessing = 0;
		};
/* End PBXFrameworksBuildPhase section */

/* Begin PBXGroup section */
		AA400001 = {
			isa = PBXGroup;
			children = (
				AA400002 /* WordLink */,
				AA400010 /* Products */,
			);
			sourceTree = "<group>";
		};
		AA400002 /* WordLink */ = {
			isa = PBXGroup;
			children = (
				27EFA09A2F8D2159005088E6 /* ReservoirService.swift */,
				27EFA0982F8D214F005088E6 /* SupabaseGameService.swift */,
				27EFA09D2F8D2169005088E6 /* AppConfig.swift */,
				27EFA09F2F8D2179005088E6 /* reservoir.json */,
				27EFA0A12F8D2189005088E6 /* PrivacyInfo.xcprivacy */,
				AA100001 /* WordLinkApp.swift */,
				AA100002 /* ContentView.swift */,
				AA400003 /* Models */,
				AA400004 /* Services */,
				AA400005 /* ViewModels */,
				AA400006 /* Views */,
				AA100016 /* Assets.xcassets */,
				AA100017 /* LaunchScreen.storyboard */,
			);
			path = WordLink;
			sourceTree = "<group>";
		};
		AA400003 /* Models */ = {
			isa = PBXGroup;
			children = (
				AA100003 /* Models.swift */,
			);
			path = Models;
			sourceTree = "<group>";
		};
		AA400004 /* Services */ = {
			isa = PBXGroup;
			children = (
				AA100004 /* GeminiService.swift */,
				AA100005 /* AudioService.swift */,
				AA100006 /* StorageService.swift */,
			);
			path = Services;
			sourceTree = "<group>";
		};
		AA400005 /* ViewModels */ = {
			isa = PBXGroup;
			children = (
				AA100007 /* GameViewModel.swift */,
			);
			path = ViewModels;
			sourceTree = "<group>";
		};
		AA400006 /* Views */ = {
			isa = PBXGroup;
			children = (
				27063FF62FB1FCF90045E59B /* GameDetailsView.swift */,
				AA100008 /* HomeView.swift */,
				AA100009 /* DifficultySelectView.swift */,
				AA100010 /* GameView.swift */,
				AA100011 /* ResultsView.swift */,
				AA100012 /* HistoryView.swift */,
				AA100013 /* LoadingView.swift */,
				AA400007 /* Components */,
			);
			path = Views;
			sourceTree = "<group>";
		};
		AA400007 /* Components */ = {
			isa = PBXGroup;
			children = (
				AA100014 /* WordDisplayView.swift */,
				AA100015 /* PhraseFlashcardView.swift */,
			);
			path = Components;
			sourceTree = "<group>";
		};
		AA400010 /* Products */ = {
			isa = PBXGroup;
			children = (
				AA200001 /* WordLink.app */,
			);
			name = Products;
			sourceTree = "<group>";
		};
/* End PBXGroup section */

/* Begin PBXNativeTarget section */
		AA500001 /* WordLink */ = {
			isa = PBXNativeTarget;
			buildConfigurationList = AA600001 /* Build configuration list for PBXNativeTarget "WordLink" */;
			buildPhases = (
				AA700001 /* Sources */,
				AA300001 /* Frameworks */,
				AA700002 /* Resources */,
			);
			buildRules = (
			);
			dependencies = (
			);
			name = WordLink;
			productName = WordLink;
			productReference = AA200001 /* WordLink.app */;
			productType = "com.apple.product-type.application";
		};
/* End PBXNativeTarget section */

/* Begin PBXProject section */
		AA800001 /* Project object */ = {
			isa = PBXProject;
			attributes = {
				BuildIndependentTargetsInParallel = 1;
				LastSwiftUpdateCheck = 1530;
				LastUpgradeCheck = 1530;
				TargetAttributes = {
					AA500001 = {
						CreatedOnToolsVersion = 15.3;
					};
				};
			};
			buildConfigurationList = AA600002 /* Build configuration list for PBXProject "WordLink" */;
			compatibilityVersion = "Xcode 14.0";
			developmentRegion = en;
			hasScannedForEncodings = 0;
			knownRegions = (
				en,
				Base,
			);
			mainGroup = AA400001;
			productRefGroup = AA400010 /* Products */;
			projectDirPath = "";
			projectRoot = "";
			targets = (
				AA500001 /* WordLink */,
			);
		};
/* End PBXProject section */

/* Begin PBXResourcesBuildPhase section */
		AA700002 /* Resources */ = {
			isa = PBXResourcesBuildPhase;
			buildActionMask = 2147483647;
			files = (
				27EFA09E2F8D2179005088E6 /* reservoir.json in Resources */,
				27EFA0A02F8D2189005088E6 /* PrivacyInfo.xcprivacy in Resources */,
				AA000016 /* Assets.xcassets in Resources */,
				AA000017 /* LaunchScreen.storyboard in Resources */,
			);
			runOnlyForDeploymentPostprocessing = 0;
		};
/* End PBXResourcesBuildPhase section */

/* Begin PBXSourcesBuildPhase section */
		AA700001 /* Sources */ = {
			isa = PBXSourcesBuildPhase;
			buildActionMask = 2147483647;
			files = (
				AA000001 /* WordLinkApp.swift in Sources */,
				AA000002 /* ContentView.swift in Sources */,
				AA000003 /* Models.swift in Sources */,
				27EFA09C2F8D2169005088E6 /* AppConfig.swift in Sources */,
				27EFA0992F8D214F005088E6 /* SupabaseGameService.swift in Sources */,
				AA000004 /* GeminiService.swift in Sources */,
				AA000005 /* AudioService.swift in Sources */,
				AA000006 /* StorageService.swift in Sources */,
				AA000007 /* GameViewModel.swift in Sources */,
				AA000008 /* HomeView.swift in Sources */,
				AA000009 /* DifficultySelectView.swift in Sources */,
				AA000010 /* GameView.swift in Sources */,
				AA000011 /* ResultsView.swift in Sources */,
				27063FF72FB1FCFA0045E59B /* GameDetailsView.swift in Sources */,
				AA000012 /* HistoryView.swift in Sources */,
				AA000013 /* LoadingView.swift in Sources */,
				27EFA09B2F8D2159005088E6 /* ReservoirService.swift in Sources */,
				AA000014 /* WordDisplayView.swift in Sources */,
				AA000015 /* PhraseFlashcardView.swift in Sources */,
			);
			runOnlyForDeploymentPostprocessing = 0;
		};
/* End PBXSourcesBuildPhase section */

/* Begin XCBuildConfiguration section */
		AA900001 /* Debug */ = {
			isa = XCBuildConfiguration;
			buildSettings = {
				ALWAYS_SEARCH_USER_PATHS = NO;
				ASSETCATALOG_COMPILER_GENERATE_SWIFT_ASSET_SYMBOL_EXTENSIONS = YES;
				CLANG_ANALYZER_NONNULL = YES;
				CLANG_ANALYZER_NUMBER_OBJECT_CONVERSION = YES_AGGRESSIVE;
				CLANG_CXX_LANGUAGE_STANDARD = "gnu++20";
				CLANG_ENABLE_MODULES = YES;
				CLANG_ENABLE_OBJC_ARC = YES;
				CLANG_ENABLE_OBJC_WEAK = YES;
				CLANG_WARN_BLOCK_CAPTURE_AUTORELEASING = YES;
				CLANG_WARN_BOOL_CONVERSION = YES;
				CLANG_WARN_COMMA = YES;
				CLANG_WARN_CONSTANT_CONVERSION = YES;
				CLANG_WARN_DEPRECATED_OBJC_IMPLEMENTATIONS = YES;
				CLANG_WARN_DIRECT_OBJC_ISA_USAGE = YES_ERROR;
				CLANG_WARN_DOCUMENTATION_COMMENTS = YES;
				CLANG_WARN_EMPTY_BODY = YES;
				CLANG_WARN_ENUM_CONVERSION = YES;
				CLANG_WARN_INFINITE_RECURSION = YES;
				CLANG_WARN_INT_CONVERSION = YES;
				CLANG_WARN_NON_LITERAL_NULL_CONVERSION = YES;
				CLANG_WARN_OBJC_IMPLICIT_RETAIN_SELF = YES;
				CLANG_WARN_OBJC_LITERAL_CONVERSION = YES;
				CLANG_WARN_OBJC_ROOT_CLASS = YES_ERROR;
				CLANG_WARN_QUOTED_INCLUDE_IN_FRAMEWORK_HEADER = YES;
				CLANG_WARN_RANGE_LOOP_ANALYSIS = YES;
				CLANG_WARN_STRICT_PROTOTYPES = YES;
				CLANG_WARN_SUSPICIOUS_MOVE = YES;
				CLANG_WARN_UNGUARDED_AVAILABILITY = YES_AGGRESSIVE;
				CLANG_WARN_UNREACHABLE_CODE = YES;
				CLANG_WARN__DUPLICATE_METHOD_MATCH = YES;
				COPY_PHASE_STRIP = NO;
				DEBUG_INFORMATION_FORMAT = dwarf;
				ENABLE_STRICT_OBJC_MSGSEND = YES;
				ENABLE_TESTABILITY = YES;
				ENABLE_USER_SCRIPT_SANDBOXING = YES;
				GCC_C_LANGUAGE_STANDARD = gnu17;
				GCC_DYNAMIC_NO_PIC = NO;
				GCC_NO_COMMON_BLOCKS = YES;
				GCC_OPTIMIZATION_LEVEL = 0;
				GCC_PREPROCESSOR_DEFINITIONS = (
					"DEBUG=1",
					"$(inherited)",
				);
				GCC_WARN_64_TO_32_BIT_CONVERSION = YES;
				GCC_WARN_ABOUT_RETURN_TYPE = YES_ERROR;
				GCC_WARN_UNDECLARED_SELECTOR = YES;
				GCC_WARN_UNINITIALIZED_AUTOS = YES_AGGRESSIVE;
				GCC_WARN_UNUSED_FUNCTION = YES;
				GCC_WARN_UNUSED_VARIABLE = YES;
				IPHONEOS_DEPLOYMENT_TARGET = 16.0;
				MTL_ENABLE_DEBUG_INFO = INCLUDE_SOURCE;
				MTL_FAST_MATH = YES;
				ONLY_ACTIVE_ARCH = YES;
				SDKROOT = iphoneos;
				SWIFT_ACTIVE_COMPILATION_CONDITIONS = "DEBUG $(inherited)";
				SWIFT_OPTIMIZATION_LEVEL = "-Onone";
			};
			name = Debug;
		};
		AA900002 /* Release */ = {
			isa = XCBuildConfiguration;
			buildSettings = {
				ALWAYS_SEARCH_USER_PATHS = NO;
				ASSETCATALOG_COMPILER_GENERATE_SWIFT_ASSET_SYMBOL_EXTENSIONS = YES;
				CLANG_ANALYZER_NONNULL = YES;
				CLANG_ANALYZER_NUMBER_OBJECT_CONVERSION = YES_AGGRESSIVE;
				CLANG_CXX_LANGUAGE_STANDARD = "gnu++20";
				CLANG_ENABLE_MODULES = YES;
				CLANG_ENABLE_OBJC_ARC = YES;
				CLANG_ENABLE_OBJC_WEAK = YES;
				CLANG_WARN_BLOCK_CAPTURE_AUTORELEASING = YES;
				CLANG_WARN_BOOL_CONVERSION = YES;
				CLANG_WARN_COMMA = YES;
				CLANG_WARN_CONSTANT_CONVERSION = YES;
				CLANG_WARN_DEPRECATED_OBJC_IMPLEMENTATIONS = YES;
				CLANG_WARN_DIRECT_OBJC_ISA_USAGE = YES_ERROR;
				CLANG_WARN_DOCUMENTATION_COMMENTS = YES;
				CLANG_WARN_EMPTY_BODY = YES;
				CLANG_WARN_ENUM_CONVERSION = YES;
				CLANG_WARN_INFINITE_RECURSION = YES;
				CLANG_WARN_INT_CONVERSION = YES;
				CLANG_WARN_NON_LITERAL_NULL_CONVERSION = YES;
				CLANG_WARN_OBJC_IMPLICIT_RETAIN_SELF = YES;
				CLANG_WARN_OBJC_LITERAL_CONVERSION = YES;
				CLANG_WARN_OBJC_ROOT_CLASS = YES_ERROR;
				CLANG_WARN_QUOTED_INCLUDE_IN_FRAMEWORK_HEADER = YES;
				CLANG_WARN_RANGE_LOOP_ANALYSIS = YES;
				CLANG_WARN_STRICT_PROTOTYPES = YES;
				CLANG_WARN_SUSPICIOUS_MOVE = YES;
				CLANG_WARN_UNGUARDED_AVAILABILITY = YES_AGGRESSIVE;
				CLANG_WARN_UNREACHABLE_CODE = YES;
				CLANG_WARN__DUPLICATE_METHOD_MATCH = YES;
				COPY_PHASE_STRIP = NO;
				DEBUG_INFORMATION_FORMAT = "dwarf-with-dsym";
				ENABLE_NS_ASSERTIONS = NO;
				ENABLE_STRICT_OBJC_MSGSEND = YES;
				ENABLE_USER_SCRIPT_SANDBOXING = YES;
				GCC_C_LANGUAGE_STANDARD = gnu17;
				GCC_NO_COMMON_BLOCKS = YES;
				GCC_WARN_64_TO_32_BIT_CONVERSION = YES;
				GCC_WARN_ABOUT_RETURN_TYPE = YES_ERROR;
				GCC_WARN_UNDECLARED_SELECTOR = YES;
				GCC_WARN_UNINITIALIZED_AUTOS = YES_AGGRESSIVE;
				GCC_WARN_UNUSED_FUNCTION = YES;
				GCC_WARN_UNUSED_VARIABLE = YES;
				IPHONEOS_DEPLOYMENT_TARGET = 16.0;
				MTL_FAST_MATH = YES;
				SDKROOT = iphoneos;
				SWIFT_COMPILATION_MODE = wholemodule;
				VALIDATE_PRODUCT = YES;
			};
			name = Release;
		};
		AA900003 /* Debug */ = {
			isa = XCBuildConfiguration;
			buildSettings = {
				ASSETCATALOG_COMPILER_APPICON_NAME = AppIcon;
				ASSETCATALOG_COMPILER_GLOBAL_ACCENT_COLOR_NAME = AccentColor;
				CODE_SIGN_STYLE = Automatic;
				CURRENT_PROJECT_VERSION = 1;
				DEVELOPMENT_ASSET_PATHS = "";
				DEVELOPMENT_TEAM = XVW2C26TQX;
				ENABLE_PREVIEWS = YES;
				GENERATE_INFOPLIST_FILE = YES;
				INFOPLIST_KEY_UILaunchStoryboardName = LaunchScreen;
				INFOPLIST_KEY_UIRequiresFullScreen = YES;
				INFOPLIST_KEY_UISupportedInterfaceOrientations_iPhone = UIInterfaceOrientationPortrait;
				LD_RUNPATH_SEARCH_PATHS = (
					"$(inherited)",
					"@executable_path/Frameworks",
				);
				MARKETING_VERSION = 1.0;
				PRODUCT_BUNDLE_IDENTIFIER = com.wordlinkgame.app;
				PRODUCT_NAME = "$(TARGET_NAME)";
				SWIFT_EMIT_LOC_STRINGS = YES;
				SWIFT_VERSION = 5.0;
				TARGETED_DEVICE_FAMILY = 1;
			};
			name = Debug;
		};
		AA900004 /* Release */ = {
			isa = XCBuildConfiguration;
			buildSettings = {
				ASSETCATALOG_COMPILER_APPICON_NAME = AppIcon;
				ASSETCATALOG_COMPILER_GLOBAL_ACCENT_COLOR_NAME = AccentColor;
				CODE_SIGN_STYLE = Automatic;
				CURRENT_PROJECT_VERSION = 1;
				DEVELOPMENT_ASSET_PATHS = "";
				DEVELOPMENT_TEAM = XVW2C26TQX;
				ENABLE_PREVIEWS = YES;
				GENERATE_INFOPLIST_FILE = YES;
				INFOPLIST_KEY_UILaunchStoryboardName = LaunchScreen;
				INFOPLIST_KEY_UIRequiresFullScreen = YES;
				INFOPLIST_KEY_UISupportedInterfaceOrientations_iPhone = UIInterfaceOrientationPortrait;
				LD_RUNPATH_SEARCH_PATHS = (
					"$(inherited)",
					"@executable_path/Frameworks",
				);
				MARKETING_VERSION = 1.0;
				PRODUCT_BUNDLE_IDENTIFIER = com.wordlinkgame.app;
				PRODUCT_NAME = "$(TARGET_NAME)";
				SWIFT_EMIT_LOC_STRINGS = YES;
				SWIFT_VERSION = 5.0;
				TARGETED_DEVICE_FAMILY = 1;
			};
			name = Release;
		};
/* End XCBuildConfiguration section */

/* Begin XCConfigurationList section */
		AA600001 /* Build configuration list for PBXNativeTarget "WordLink" */ = {
			isa = XCConfigurationList;
			buildConfigurations = (
				AA900003 /* Debug */,
				AA900004 /* Release */,
			);
			defaultConfigurationIsVisible = 0;
			defaultConfigurationName = Release;
		};
		AA600002 /* Build configuration list for PBXProject "WordLink" */ = {
			isa = XCConfigurationList;
			buildConfigurations = (
				AA900001 /* Debug */,
				AA900002 /* Release */,
			);
			defaultConfigurationIsVisible = 0;
			defaultConfigurationName = Release;
		};
/* End XCConfigurationList section */
	};
	rootObject = AA800001 /* Project object */;
}
